
Microsoft Visual Studio Solution File, Format Version 12.00
# Visual Studio Version 16
VisualStudioVersion = 16.0.30011.22
MinimumVisualStudioVersion = 10.0.40219.1
Project("{FAE04EC0-301F-11D3-BF4B-00C04F79EFBC}") = "BoardGameArena", "BoardGameArena\BoardGameArena.csproj", "{52DD44F1-FC0B-4D53-A2A1-A2867BF854FC}"
EndProject
Global
	GlobalSection(SolutionConfigurationPlatforms) = preSolution
		Debug|Any CPU = Debug|Any CPU
		Release|Any CPU = Release|Any CPU
	EndGlobalSection
	GlobalSection(ProjectConfigurationPlatforms) = postSolution
		{52DD44F1-FC0B-4D53-A2A1-A2867BF854FC}.Debug|Any CPU.ActiveCfg = Debug|Any CPU
		{52DD44F1-FC0B-4D53-A2A1-A2867BF854FC}.Debug|Any CPU.Build.0 = Debug|Any CPU
		{52DD44F1-FC0B-4D53-A2A1-A2867BF854FC}.Release|Any CPU.ActiveCfg = Release|Any CPU
		{52DD44F1-FC0B-4D53-A2A1-A2867BF854FC}.Release|Any CPU.Build.0 = Release|Any CPU
	EndGlobalSection
	GlobalSection(SolutionProperties) = preSolution
		HideSolutionNode = FALSE
	EndGlobalSection
	GlobalSection(ExtensibilityGlobals) = postSolution
		SolutionGuid = {28EF1FD7-69AB-4AE1-99D7-E0CEA2C5E69A}
	EndGlobalSection
EndGlobal
